{
  "name": "go-tv",
  "lockfileVersion": 3,
  "requires": true,
  "packages": {
    "": {
      "dependencies": {
        "@picocss/pico": "^2.1.1",
        "@starfederation/datastar": "1.0.0-beta.11"
      }
    },
    "node_modules/@picocss/pico": {
      "version": "2.1.1",
      "resolved": "https://registry.npmjs.org/@picocss/pico/-/pico-2.1.1.tgz",
      "integrity": "sha512-kIDugA7Ps4U+2BHxiNHmvgPIQDWPDU4IeU6TNRdvXQM1uZX+FibqDQT2xUOnnO2yq/LUHcwnGlu1hvf4KfXnMg==",
      "license": "MIT"
    },
    "node_modules/@starfederation/datastar": {
      "version": "1.0.0-beta.11",
      "resolved": "https://registry.npmjs.org/@starfederation/datastar/-/datastar-1.0.0-beta.11.tgz",
      "integrity": "sha512-62TtP/Rm8HVnWxZm1rqhZo+0F57V7A6bKE0FMFMP+1ZeRoDd3lBqYUEdcbSPtIYf9fjoPEUd4TU3bgWS0CGy9w==",
      "deprecated": "Package no longer supported. Contact Support at https://www.npmjs.com/support for more info.",
      "license": "MIT"
    }
  }
}
